{
  "name": "@aresdefencelabs/wasm-http-runtime",
  "version": "0.2.5",
  "lockfileVersion": 3,
  "requires": true,
  "packages": {
    "": {
      "name": "@aresdefencelabs/wasm-http-runtime",
      "version": "0.2.5",
      "license": "MIT",
      "dependencies": {
        "@cloudflare/workers-types": "^5.20260703.1"
      }
    },
    "node_modules/@cloudflare/workers-types": {
      "version": "5.20260703.1",
      "resolved": "https://registry.npmjs.org/@cloudflare/workers-types/-/workers-types-5.20260703.1.tgz",
      "integrity": "sha512-FaX1NlA+XbCjR6c0v0dLqXLmSlWvnMDg2fneVOzOoHJM5XL8gwqoAv9T0I0Ev5f199bTsr7styYgT88j7RftwA==",
      "license": "MIT OR Apache-2.0"
    }
  }
}
